// !$*UTF8*$!
{
	archiveVersion = 1;
	classes = {
	};
	objectVersion = 48;
	objects = {

/* Begin PBXBuildFile section */
		FB3DC4C020667A72004548AF /* AppDelegate.swift in Sources */ = {isa = PBXBuildFile; fileRef = FB3DC4BF20667A72004548AF /* AppDelegate.swift */; };
		FB3DC4C220667A72004548AF /* ViewController.swift in Sources */ = {isa = PBXBuildFile; fileRef = FB3DC4C120667A72004548AF /* ViewController.swift */; };
		FB3DC4C520667A72004548AF /* Main.storyboard in Resources */ = {isa = PBXBuildFile; fileRef = FB3DC4C320667A72004548AF /* Main.storyboard */; };
		FB3DC4C720667A72004548AF /* Assets.xcassets in Resources */ = {isa = PBXBuildFile; fileRef = FB3DC4C620667A72004548AF /* Assets.xcassets */; };
		FB3DC4CA20667A72004548AF /* LaunchScreen.storyboard in Resources */ = {isa = PBXBuildFile; fileRef = FB3DC4C820667A72004548AF /* LaunchScreen.storyboard */; };
		FB3DC4D420670913004548AF /* DrinksModel.swift in Sources */ = {isa = PBXBuildFile; fileRef = FB3DC4D320670913004548AF /* DrinksModel.swift */; };
		FB3DC4DA206BF281004548AF /* DrinkCell.swift in Sources */ = {isa = PBXBuildFile; fileRef = FB3DC4D9206BF281004548AF /* DrinkCell.swift */; };
		FB3DC4DE2071913D004548AF /* DSModal.swift in Sources */ = {isa = PBXBuildFile; fileRef = FB3DC4DD2071913D004548AF /* DSModal.swift */; };
		FB3DC4E020728230004548AF /* CostText.swift in Sources */ = {isa = PBXBuildFile; fileRef = FB3DC4DF2072822F004548AF /* CostText.swift */; };
		FBFE15FD207294E000753585 /* Colors.swift in Sources */ = {isa = PBXBuildFile; fileRef = FBFE15FC207294E000753585 /* Colors.swift */; };
		FBFE15FF2073A2BC00753585 /* DrinkView.swift in Sources */ = {isa = PBXBuildFile; fileRef = FBFE15FE2073A2BC00753585 /* DrinkView.swift */; };
		FBFE16012073A92A00753585 /* Constants.swift in Sources */ = {isa = PBXBuildFile; fileRef = FBFE16002073A92A00753585 /* Constants.swift */; };
/* End PBXBuildFile section */

/* Begin PBXFileReference section */
		FB3DC4BC20667A72004548AF /* drink_shop.app */ = {isa = PBXFileReference; explicitFileType = wrapper.application; includeInIndex = 0; path = drink_shop.app; sourceTree = BUILT_PRODUCTS_DIR; };
		FB3DC4BF20667A72004548AF /* AppDelegate.swift */ = {isa = PBXFileReference; lastKnownFileType = sourcecode.swift; path = AppDelegate.swift; sourceTree = "<group>"; };
		FB3DC4C120667A72004548AF /* ViewController.swift */ = {isa = PBXFileReference; lastKnownFileType = sourcecode.swift; path = ViewController.swift; sourceTree = "<group>"; };
		FB3DC4C420667A72004548AF /* Base */ = {isa = PBXFileReference; lastKnownFileType = file.storyboard; name = Base; path = Base.lproj/Main.storyboard; sourceTree = "<group>"; };
		FB3DC4C620667A72004548AF /* Assets.xcassets */ = {isa = PBXFileReference; lastKnownFileType = folder.assetcatalog; path = Assets.xcassets; sourceTree = "<group>"; };
		FB3DC4C920667A72004548AF /* Base */ = {isa = PBXFileReference; lastKnownFileType = file.storyboard; name = Base; path = Base.lproj/LaunchScreen.storyboard; sourceTree = "<group>"; };
		FB3DC4CB20667A72004548AF /* Info.plist */ = {isa = PBXFileReference; lastKnownFileType = text.plist.xml; path = Info.plist; sourceTree = "<group>"; };
		FB3DC4D320670913004548AF /* DrinksModel.swift */ = {isa = PBXFileReference; lastKnownFileType = sourcecode.swift; path = DrinksModel.swift; sourceTree = "<group>"; };
		FB3DC4D9206BF281004548AF /* DrinkCell.swift */ = {isa = PBXFileReference; lastKnownFileType = sourcecode.swift; path = DrinkCell.swift; sourceTree = "<group>"; };
		FB3DC4DD2071913D004548AF /* DSModal.swift */ = {isa = PBXFileReference; lastKnownFileType = sourcecode.swift; path = DSModal.swift; sourceTree = "<group>"; };
		FB3DC4DF2072822F004548AF /* CostText.swift */ = {isa = PBXFileReference; lastKnownFileType = sourcecode.swift; path = CostText.swift; sourceTree = "<group>"; };
		FBFE15FC207294E000753585 /* Colors.swift */ = {isa = PBXFileReference; lastKnownFileType = sourcecode.swift; path = Colors.swift; sourceTree = "<group>"; };
		FBFE15FE2073A2BC00753585 /* DrinkView.swift */ = {isa = PBXFileReference; lastKnownFileType = sourcecode.swift; path = DrinkView.swift; sourceTree = "<group>"; };
		FBFE16002073A92A00753585 /* Constants.swift */ = {isa = PBXFileReference; lastKnownFileType = sourcecode.swift; path = Constants.swift; sourceTree = "<group>"; };
/* End PBXFileReference section */

/* Begin PBXFrameworksBuildPhase section */
		FB3DC4B920667A72004548AF /* Frameworks */ = {
			isa = PBXFrameworksBuildPhase;
			buildActionMask = 2147483647;
			files = (
			);
			runOnlyForDeploymentPostprocessing = 0;
		};
/* End PBXFrameworksBuildPhase section */

/* Begin PBXGroup section */
		FB3DC4B320667A72004548AF = {
			isa = PBXGroup;
			children = (
				FB3DC4BE20667A72004548AF /* drink_shop */,
				FB3DC4BD20667A72004548AF /* Products */,
			);
			sourceTree = "<group>";
		};
		FB3DC4BD20667A72004548AF /* Products */ = {
			isa = PBXGroup;
			children = (
				FB3DC4BC20667A72004548AF /* drink_shop.app */,
			);
			name = Products;
			sourceTree = "<group>";
		};
		FB3DC4BE20667A72004548AF /* drink_shop */ = {
			isa = PBXGroup;
			children = (
				FB3DC4BF20667A72004548AF /* AppDelegate.swift */,
				FB3DC4C120667A72004548AF /* ViewController.swift */,
				FB3DC4D320670913004548AF /* DrinksModel.swift */,
				FB3DC4C320667A72004548AF /* Main.storyboard */,
				FB3DC4C620667A72004548AF /* Assets.xcassets */,
				FB3DC4C820667A72004548AF /* LaunchScreen.storyboard */,
				FB3DC4CB20667A72004548AF /* Info.plist */,
				FB3DC4D9206BF281004548AF /* DrinkCell.swift */,
				FB3DC4DD2071913D004548AF /* DSModal.swift */,
				FB3DC4DF2072822F004548AF /* CostText.swift */,
				FBFE15FC207294E000753585 /* Colors.swift */,
				FBFE15FE2073A2BC00753585 /* DrinkView.swift */,
				FBFE16002073A92A00753585 /* Constants.swift */,
			);
			path = drink_shop;
			sourceTree = "<group>";
		};
/* End PBXGroup section */

/* Begin PBXNativeTarget section */
		FB3DC4BB20667A72004548AF /* drink_shop */ = {
			isa = PBXNativeTarget;
			buildConfigurationList = FB3DC4CE20667A72004548AF /* Build configuration list for PBXNativeTarget "drink_shop" */;
			buildPhases = (
				FB3DC4B820667A72004548AF /* Sources */,
				FB3DC4B920667A72004548AF /* Frameworks */,
				FB3DC4BA20667A72004548AF /* Resources */,
			);
			buildRules = (
			);
			dependencies = (
			);
			name = drink_shop;
			productName = drink_shop;
			productReference = FB3DC4BC20667A72004548AF /* drink_shop.app */;
			productType = "com.apple.product-type.application";
		};
/* End PBXNativeTarget section */

/* Begin PBXProject section */
		FB3DC4B420667A72004548AF /* Project object */ = {
			isa = PBXProject;
			attributes = {
				LastSwiftUpdateCheck = 0920;
				LastUpgradeCheck = 0920;
				ORGANIZATIONNAME = Basel;
				TargetAttributes = {
					FB3DC4BB20667A72004548AF = {
						CreatedOnToolsVersion = 9.2;
						ProvisioningStyle = Automatic;
					};
				};
			};
			buildConfigurationList = FB3DC4B720667A72004548AF /* Build configuration list for PBXProject "drink_shop" */;
			compatibilityVersion = "Xcode 8.0";
			developmentRegion = en;
			hasScannedForEncodings = 0;
			knownRegions = (
				en,
				Base,
			);
			mainGroup = FB3DC4B320667A72004548AF;
			productRefGroup = FB3DC4BD20667A72004548AF /* Products */;
			projectDirPath = "";
			projectRoot = "";
			targets = (
				FB3DC4BB20667A72004548AF /* drink_shop */,
			);
		};
/* End PBXProject section */

/* Begin PBXResourcesBuildPhase section */
		FB3DC4BA20667A72004548AF /* Resources */ = {
			isa = PBXResourcesBuildPhase;
			buildActionMask = 2147483647;
			files = (
				FB3DC4CA20667A72004548AF /* LaunchScreen.storyboard in Resources */,
				FB3DC4C720667A72004548AF /* Assets.xcassets in Resources */,
				FB3DC4C520667A72004548AF /* Main.storyboard in Resources */,
			);
			runOnlyForDeploymentPostprocessing = 0;
		};
/* End PBXResourcesBuildPhase section */

/* Begin PBXSourcesBuildPhase section */
		FB3DC4B820667A72004548AF /* Sources */ = {
			isa = PBXSourcesBuildPhase;
			buildActionMask = 2147483647;
			files = (
				FB3DC4E020728230004548AF /* CostText.swift in Sources */,
				FBFE15FD207294E000753585 /* Colors.swift in Sources */,
				FB3DC4DE2071913D004548AF /* DSModal.swift in Sources */,
				FB3DC4D420670913004548AF /* DrinksModel.swift in Sources */,
				FB3DC4DA206BF281004548AF /* DrinkCell.swift in Sources */,
				FBFE15FF2073A2BC00753585 /* DrinkView.swift in Sources */,
				FB3DC4C220667A72004548AF /* ViewController.swift in Sources */,
				FB3DC4C020667A72004548AF /* AppDelegate.swift in Sources */,
				FBFE16012073A92A00753585 /* Constants.swift in Sources */,
			);
			runOnlyForDeploymentPostprocessing = 0;
		};
/* End PBXSourcesBuildPhase section */

/* Begin PBXVariantGroup section */
		FB3DC4C320667A72004548AF /* Main.storyboard */ = {
			isa = PBXVariantGroup;
			children = (
				FB3DC4C420667A72004548AF /* Base */,
			);
			name = Main.storyboard;
			sourceTree = "<group>";
		};
		FB3DC4C820667A72004548AF /* LaunchScreen.storyboard */ = {
			isa = PBXVariantGroup;
			children = (
				FB3DC4C920667A72004548AF /* Base */,
			);
			name = LaunchScreen.storyboard;
			sourceTree = "<group>";
		};
/* End PBXVariantGroup section */

/* Begin XCBuildConfiguration section */
		FB3DC4CC20667A72004548AF /* Debug */ = {
			isa = XCBuildConfiguration;
			buildSettings = {
				ALWAYS_SEARCH_USER_PATHS = NO;
				CLANG_ANALYZER_NONNULL = YES;
				CLANG_ANALYZER_NUMBER_OBJECT_CONVERSION = YES_AGGRESSIVE;
				CLANG_CXX_LANGUAGE_STANDARD = "gnu++14";
				CLANG_CXX_LIBRARY = "libc++";
				CLANG_ENABLE_MODULES = YES;
				CLANG_ENABLE_OBJC_ARC = YES;
				CLANG_WARN_BLOCK_CAPTURE_AUTORELEASING = YES;
				CLANG_WARN_BOOL_CONVERSION = YES;
				CLANG_WARN_COMMA = YES;
				CLANG_WARN_CONSTANT_CONVERSION = YES;
				CLANG_WARN_DIRECT_OBJC_ISA_USAGE = YES_ERROR;
				CLANG_WARN_DOCUMENTATION_COMMENTS = YES;
				CLANG_WARN_EMPTY_BODY = YES;
				CLANG_WARN_ENUM_CONVERSION = YES;
				CLANG_WARN_INFINITE_RECURSION = YES;
				CLANG_WARN_INT_CONVERSION = YES;
				CLANG_WARN_NON_LITERAL_NULL_CONVERSION = YES;
				CLANG_WARN_OBJC_LITERAL_CONVERSION = YES;
				CLANG_WARN_OBJC_ROOT_CLASS = YES_ERROR;
				CLANG_WARN_RANGE_LOOP_ANALYSIS = YES;
				CLANG_WARN_STRICT_PROTOTYPES = YES;
				CLANG_WARN_SUSPICIOUS_MOVE = YES;
				CLANG_WARN_UNGUARDED_AVAILABILITY = YES_AGGRESSIVE;
				CLANG_WARN_UNREACHABLE_CODE = YES;
				CLANG_WARN__DUPLICATE_METHOD_MATCH = YES;
				CODE_SIGN_IDENTITY = "iPhone Developer";
				COPY_PHASE_STRIP = NO;
				DEBUG_INFORMATION_FORMAT = dwarf;
				ENABLE_STRICT_OBJC_MSGSEND = YES;
				ENABLE_TESTABILITY = YES;
				GCC_C_LANGUAGE_STANDARD = gnu11;
				GCC_DYNAMIC_NO_PIC = NO;
				GCC_NO_COMMON_BLOCKS = YES;
				GCC_OPTIMIZATION_LEVEL = 0;
				GCC_PREPROCESSOR_DEFINITIONS = (
					"DEBUG=1",
					"$(inherited)",
				);
				GCC_WARN_64_TO_32_BIT_CONVERSION = YES;
				GCC_WARN_ABOUT_RETURN_TYPE = YES_ERROR;
				GCC_WARN_UNDECLARED_SELECTOR = YES;
				GCC_WARN_UNINITIALIZED_AUTOS = YES_AGGRESSIVE;
				GCC_WARN_UNUSED_FUNCTION = YES;
				GCC_WARN_UNUSED_VARIABLE = YES;
				IPHONEOS_DEPLOYMENT_TARGET = 11.2;
				MTL_ENABLE_DEBUG_INFO = YES;
				ONLY_ACTIVE_ARCH = YES;
				SDKROOT = iphoneos;
				SWIFT_ACTIVE_COMPILATION_CONDITIONS = DEBUG;
				SWIFT_OPTIMIZATION_LEVEL = "-Onone";
			};
			name = Debug;
		};
		FB3DC4CD20667A72004548AF /* Release */ = {
			isa = XCBuildConfiguration;
			buildSettings = {
				ALWAYS_SEARCH_USER_PATHS = NO;
				CLANG_ANALYZER_NONNULL = YES;
				CLANG_ANALYZER_NUMBER_OBJECT_CONVERSION = YES_AGGRESSIVE;
				CLANG_CXX_LANGUAGE_STANDARD = "gnu++14";
				CLANG_CXX_LIBRARY = "libc++";
				CLANG_ENABLE_MODULES = YES;
				CLANG_ENABLE_OBJC_ARC = YES;
				CLANG_WARN_BLOCK_CAPTURE_AUTORELEASING = YES;
				CLANG_WARN_BOOL_CONVERSION = YES;
				CLANG_WARN_COMMA = YES;
				CLANG_WARN_CONSTANT_CONVERSION = YES;
				CLANG_WARN_DIRECT_OBJC_ISA_USAGE = YES_ERROR;
				CLANG_WARN_DOCUMENTATION_COMMENTS = YES;
				CLANG_WARN_EMPTY_BODY = YES;
				CLANG_WARN_ENUM_CONVERSION = YES;
				CLANG_WARN_INFINITE_RECURSION = YES;
				CLANG_WARN_INT_CONVERSION = YES;
				CLANG_WARN_NON_LITERAL_NULL_CONVERSION = YES;
				CLANG_WARN_OBJC_LITERAL_CONVERSION = YES;
				CLANG_WARN_OBJC_ROOT_CLASS = YES_ERROR;
				CLANG_WARN_RANGE_LOOP_ANALYSIS = YES;
				CLANG_WARN_STRICT_PROTOTYPES = YES;
				CLANG_WARN_SUSPICIOUS_MOVE = YES;
				CLANG_WARN_UNGUARDED_AVAILABILITY = YES_AGGRESSIVE;
				CLANG_WARN_UNREACHABLE_CODE = YES;
				CLANG_WARN__DUPLICATE_METHOD_MATCH = YES;
				CODE_SIGN_IDENTITY = "iPhone Developer";
				COPY_PHASE_STRIP = NO;
				DEBUG_INFORMATION_FORMAT = "dwarf-with-dsym";
				ENABLE_NS_ASSERTIONS = NO;
				ENABLE_STRICT_OBJC_MSGSEND = YES;
				GCC_C_LANGUAGE_STANDARD = gnu11;
				GCC_NO_COMMON_BLOCKS = YES;
				GCC_WARN_64_TO_32_BIT_CONVERSION = YES;
				GCC_WARN_ABOUT_RETURN_TYPE = YES_ERROR;
				GCC_WARN_UNDECLARED_SELECTOR = YES;
				GCC_WARN_UNINITIALIZED_AUTOS = YES_AGGRESSIVE;
				GCC_WARN_UNUSED_FUNCTION = YES;
				GCC_WARN_UNUSED_VARIABLE = YES;
				IPHONEOS_DEPLOYMENT_TARGET = 11.2;
				MTL_ENABLE_DEBUG_INFO = NO;
				SDKROOT = iphoneos;
				SWIFT_OPTIMIZATION_LEVEL = "-Owholemodule";
				VALIDATE_PRODUCT = YES;
			};
			name = Release;
		};
		FB3DC4CF20667A72004548AF /* Debug */ = {
			isa = XCBuildConfiguration;
			buildSettings = {
				ASSETCATALOG_COMPILER_APPICON_NAME = AppIcon;
				CODE_SIGN_STYLE = Automatic;
				DEVELOPMENT_TEAM = ML7RAUSDTN;
				INFOPLIST_FILE = drink_shop/Info.plist;
				IPHONEOS_DEPLOYMENT_TARGET = 10.0;
				LD_RUNPATH_SEARCH_PATHS = "$(inherited) @executable_path/Frameworks";
				PRODUCT_BUNDLE_IDENTIFIER = "com.mental.inc.drink-shop";
				PRODUCT_NAME = "$(TARGET_NAME)";
				SWIFT_VERSION = 4.0;
				TARGETED_DEVICE_FAMILY = "1,2";
			};
			name = Debug;
		};
		FB3DC4D020667A72004548AF /* Release */ = {
			isa = XCBuildConfiguration;
			buildSettings = {
				ASSETCATALOG_COMPILER_APPICON_NAME = AppIcon;
				CODE_SIGN_STYLE = Automatic;
				DEVELOPMENT_TEAM = ML7RAUSDTN;
				INFOPLIST_FILE = drink_shop/Info.plist;
				IPHONEOS_DEPLOYMENT_TARGET = 10.0;
				LD_RUNPATH_SEARCH_PATHS = "$(inherited) @executable_path/Frameworks";
				PRODUCT_BUNDLE_IDENTIFIER = "com.mental.inc.drink-shop";
				PRODUCT_NAME = "$(TARGET_NAME)";
				SWIFT_VERSION = 4.0;
				TARGETED_DEVICE_FAMILY = "1,2";
			};
			name = Release;
		};
/* End XCBuildConfiguration section */

/* Begin XCConfigurationList section */
		FB3DC4B720667A72004548AF /* Build configuration list for PBXProject "drink_shop" */ = {
			isa = XCConfigurationList;
			buildConfigurations = (
				FB3DC4CC20667A72004548AF /* Debug */,
				FB3DC4CD20667A72004548AF /* Release */,
			);
			defaultConfigurationIsVisible = 0;
			defaultConfigurationName = Release;
		};
		FB3DC4CE20667A72004548AF /* Build configuration list for PBXNativeTarget "drink_shop" */ = {
			isa = XCConfigurationList;
			buildConfigurations = (
				FB3DC4CF20667A72004548AF /* Debug */,
				FB3DC4D020667A72004548AF /* Release */,
			);
			defaultConfigurationIsVisible = 0;
			defaultConfigurationName = Release;
		};
/* End XCConfigurationList section */
	};
	rootObject = FB3DC4B420667A72004548AF /* Project object */;
}
